
Microsoft Visual Studio Solution File, Format Version 12.00
# Visual Studio Version 17
VisualStudioVersion = 17.11.35303.130
MinimumVisualStudioVersion = 10.0.40219.1
Project("{FAE04EC0-301F-11D3-BF4B-00C04F79EFBC}") = "MasterPol", "MasterPol\MasterPol.csproj", "{3EAD7BC3-9848-4D46-A254-A158C1026210}"
EndProject
Global
	GlobalSection(SolutionConfigurationPlatforms) = preSolution
		Debug|Any CPU = Debug|Any CPU
		Release|Any CPU = Release|Any CPU
	EndGlobalSection
	GlobalSection(ProjectConfigurationPlatforms) = postSolution
		{3EAD7BC3-9848-4D46-A254-A158C1026210}.Debug|Any CPU.ActiveCfg = Debug|Any CPU
		{3EAD7BC3-9848-4D46-A254-A158C1026210}.Debug|Any CPU.Build.0 = Debug|Any CPU
		{3EAD7BC3-9848-4D46-A254-A158C1026210}.Release|Any CPU.ActiveCfg = Release|Any CPU
		{3EAD7BC3-9848-4D46-A254-A158C1026210}.Release|Any CPU.Build.0 = Release|Any CPU
	EndGlobalSection
	GlobalSection(SolutionProperties) = preSolution
		HideSolutionNode = FALSE
	EndGlobalSection
	GlobalSection(ExtensibilityGlobals) = postSolution
		SolutionGuid = {06EEE9D1-6C57-4C1A-B639-C25CD04A813C}
	EndGlobalSection
EndGlobal
